
Microsoft Visual Studio Solution File, Format Version 12.00
# Visual Studio Version 16
VisualStudioVersion = 16.0.34114.132
MinimumVisualStudioVersion = 10.0.40219.1
Project("{2150E333-8FDC-42A3-9474-1A3956D46DE8}") = "Task0", "Task0", "{23D3AB23-F922-4FDA-93ED-2920979EB8C4}"
EndProject
Project("{2150E333-8FDC-42A3-9474-1A3956D46DE8}") = "Task1", "Task1", "{8A0BC229-853E-4490-B513-70BCEA14431A}"
EndProject
Project("{2150E333-8FDC-42A3-9474-1A3956D46DE8}") = "Task2", "Task2", "{D856C8DF-EBB5-48C6-9856-C2D936197C99}"
EndProject
Project("{2150E333-8FDC-42A3-9474-1A3956D46DE8}") = "Task3", "Task3", "{E621ECA3-A225-410A-B5FC-C6928B519C5A}"
EndProject
Project("{2150E333-8FDC-42A3-9474-1A3956D46DE8}") = "Task4", "Task4", "{35751F20-2619-4C68-9265-24A492B81A00}"
EndProject
Project("{2150E333-8FDC-42A3-9474-1A3956D46DE8}") = "Task5", "Task5", "{D0BDC540-A8FE-4862-BC28-021EAA7332C7}"
EndProject
Project("{2150E333-8FDC-42A3-9474-1A3956D46DE8}") = "Task6", "Task6", "{72A1918E-F017-4BD6-BA27-F1C98D128813}"
EndProject
Project("{2150E333-8FDC-42A3-9474-1A3956D46DE8}") = "Task7", "Task7", "{B8535037-0720-4CFE-804A-039B8CA7A5AD}"
EndProject
Project("{FAE04EC0-301F-11D3-BF4B-00C04F79EFBC}") = "Tyuiu.MelehovAG.Sprint2.Task0.V0", "Tyuiu.MelehovAG.Sprint2.Task0.V0\Tyuiu.MelehovAG.Sprint2.Task0.V0.csproj", "{DDBA6077-2E26-4925-A4D4-0D1A9FE90A57}"
EndProject
Project("{FAE04EC0-301F-11D3-BF4B-00C04F79EFBC}") = "Tyuiu.MelehovAG.Sprint2.Task0.V0.Lib", "Tyuiu.MelehovAG.Sprint2.Task0.V0.Lib\Tyuiu.MelehovAG.Sprint2.Task0.V0.Lib.csproj", "{F63FA929-847C-4421-88E9-2C0584469292}"
EndProject
Project("{FAE04EC0-301F-11D3-BF4B-00C04F79EFBC}") = "Tyuiu.MelehovAG.Sprint2.Task0.V0.Test", "Tyuiu.MelehovAG.Sprint2.Task0.V0.Test\Tyuiu.MelehovAG.Sprint2.Task0.V0.Test.csproj", "{6A4AC7CB-397B-4099-AD36-31973D5010DD}"
EndProject
Project("{FAE04EC0-301F-11D3-BF4B-00C04F79EFBC}") = "Tyuiu.MelehovAG.Sprint2.Task1.V0", "Tyuiu.MelehovAG.Sprint2.Task1.V0\Tyuiu.MelehovAG.Sprint2.Task1.V0.csproj", "{61E89109-F1BC-4D68-9B30-3AF323FEA74D}"
EndProject
Project("{FAE04EC0-301F-11D3-BF4B-00C04F79EFBC}") = "Tyuiu.MelehovAG.Sprint2.Task1.V0.Lib", "Tyuiu.MelehovAG.Sprint2.Task1.V0.Lib\Tyuiu.MelehovAG.Sprint2.Task1.V0.Lib.csproj", "{87AD2024-3A73-4A08-9C20-DC6EB28F9058}"
EndProject
Project("{FAE04EC0-301F-11D3-BF4B-00C04F79EFBC}") = "Tyuiu.MelehovAG.Sprint2.Task1.V0.Test", "Tyuiu.MelehovAG.Sprint2.Task1.V0.Test\Tyuiu.MelehovAG.Sprint2.Task1.V0.Test.csproj", "{81F323D2-A560-4A55-9F6F-ED538E0A820E}"
EndProject
Project("{FAE04EC0-301F-11D3-BF4B-00C04F79EFBC}") = "Tyuiu.MelehovAG.Sprint2.Task2.V0", "Tyuiu.MelehovAG.Sprint2.Task2.V0\Tyuiu.MelehovAG.Sprint2.Task2.V0.csproj", "{6F3B6646-8EF7-4CEE-825E-76A0E1146D4D}"
EndProject
Project("{FAE04EC0-301F-11D3-BF4B-00C04F79EFBC}") = "Tyuiu.MelehovAG.Sprint2.Task2.V0.Lib", "Tyuiu.MelehovAG.Sprint2.Task2.V0.Lib\Tyuiu.MelehovAG.Sprint2.Task2.V0.Lib.csproj", "{0BA2FCE6-1837-4BF9-944F-1952E57D3D91}"
EndProject
Project("{FAE04EC0-301F-11D3-BF4B-00C04F79EFBC}") = "Tyuiu.MelehovAG.Sprint2.Task2.V0.Test", "Tyuiu.MelehovAG.Sprint2.Task2.V0.Test\Tyuiu.MelehovAG.Sprint2.Task2.V0.Test.csproj", "{2906D752-C3D2-4720-89A6-EA62124B50B3}"
EndProject
Project("{FAE04EC0-301F-11D3-BF4B-00C04F79EFBC}") = "Tyuiu.MelehovAG.Sprint2.Task3.V0", "Tyuiu.MelehovAG.Sprint2.Task3.V0\Tyuiu.MelehovAG.Sprint2.Task3.V0.csproj", "{74C5214B-0347-4E91-A20F-2B25BA6C6F6F}"
EndProject
Project("{FAE04EC0-301F-11D3-BF4B-00C04F79EFBC}") = "Tyuiu.MelehovAG.Sprint2.Task3.V0.Lib", "Tyuiu.MelehovAG.Sprint2.Task3.V0.Lib\Tyuiu.MelehovAG.Sprint2.Task3.V0.Lib.csproj", "{5E74B945-5F9E-49FB-9619-EB02D1F1609E}"
EndProject
Project("{FAE04EC0-301F-11D3-BF4B-00C04F79EFBC}") = "Tyuiu.MelehovAG.Sprint2.Task3.V0.Test", "Tyuiu.MelehovAG.Sprint2.Task3.V0.Test\Tyuiu.MelehovAG.Sprint2.Task3.V0.Test.csproj", "{9461263B-6B23-4F5A-BFF4-EB19AD00DF46}"
EndProject
Project("{FAE04EC0-301F-11D3-BF4B-00C04F79EFBC}") = "Tyuiu.MelehovAG.Sprint2.Task4.V0", "Tyuiu.MelehovAG.Sprint2.Task4.V0\Tyuiu.MelehovAG.Sprint2.Task4.V0.csproj", "{5BBA01F6-3E07-408D-A566-646DD510F981}"
EndProject
Project("{FAE04EC0-301F-11D3-BF4B-00C04F79EFBC}") = "Tyuiu.MelehovAG.Sprint2.Task4.V0.Lib", "Tyuiu.MelehovAG.Sprint2.Task4.V0.Lib\Tyuiu.MelehovAG.Sprint2.Task4.V0.Lib.csproj", "{ED0E9540-B5BF-4CBA-B1A7-8818FD63A478}"
EndProject
Project("{FAE04EC0-301F-11D3-BF4B-00C04F79EFBC}") = "Tyuiu.MelehovAG.Sprint2.Task4.V0.Test", "Tyuiu.MelehovAG.Sprint2.Task4.V0.Test\Tyuiu.MelehovAG.Sprint2.Task4.V0.Test.csproj", "{E44E14DD-C0DB-445A-A5AC-2DD9A139D6BE}"
EndProject
Project("{FAE04EC0-301F-11D3-BF4B-00C04F79EFBC}") = "Tyuiu.MelehovAG.Sprint2.Task5.V0", "Tyuiu.MelehovAG.Sprint2.Task5.V0\Tyuiu.MelehovAG.Sprint2.Task5.V0.csproj", "{1BD419CC-244B-40FB-AFC2-6C48DBADB159}"
EndProject
Project("{FAE04EC0-301F-11D3-BF4B-00C04F79EFBC}") = "Tyuiu.MelehovAG.Sprint2.Task5.V0.Lib", "Tyuiu.MelehovAG.Sprint2.Task5.V0.Lib\Tyuiu.MelehovAG.Sprint2.Task5.V0.Lib.csproj", "{02FBB573-9F28-442B-9765-E932F75A3716}"
EndProject
Project("{FAE04EC0-301F-11D3-BF4B-00C04F79EFBC}") = "Tyuiu.MelehovAG.Sprint2.Task5.V0.Test", "Tyuiu.MelehovAG.Sprint2.Task5.V0.Test\Tyuiu.MelehovAG.Sprint2.Task5.V0.Test.csproj", "{82D5AF88-13F0-4FF5-87BA-17687921432A}"
EndProject
Project("{FAE04EC0-301F-11D3-BF4B-00C04F79EFBC}") = "Tyuiu.MelehovAG.Sprint2.Task6.V0", "Tyuiu.MelehovAG.Sprint2.Task6.V0\Tyuiu.MelehovAG.Sprint2.Task6.V0.csproj", "{5732489E-2777-489C-B48F-E3D390C8C8AF}"
EndProject
Project("{FAE04EC0-301F-11D3-BF4B-00C04F79EFBC}") = "Tyuiu.MelehovAG.Sprint2.Task6.V0.Lib", "Tyuiu.MelehovAG.Sprint2.Task6.V0.Lib\Tyuiu.MelehovAG.Sprint2.Task6.V0.Lib.csproj", "{2F801540-63A1-4EE0-A2AE-EFC73CFC6CD5}"
EndProject
Project("{FAE04EC0-301F-11D3-BF4B-00C04F79EFBC}") = "Tyuiu.MelehovAG.Sprint2.Task6.V0.Test", "Tyuiu.MelehovAG.Sprint2.Task6.V0.Test\Tyuiu.MelehovAG.Sprint2.Task6.V0.Test.csproj", "{DD8DC772-F7A6-453E-852B-A50B33892CA7}"
EndProject
Project("{FAE04EC0-301F-11D3-BF4B-00C04F79EFBC}") = "Tyuiu.MelehovAG.Sprint2.Task7.V0", "Tyuiu.MelehovAG.Sprint2.Task7.V0\Tyuiu.MelehovAG.Sprint2.Task7.V0.csproj", "{7A9CF4F5-8C82-4078-880B-C558248C7B05}"
EndProject
Project("{FAE04EC0-301F-11D3-BF4B-00C04F79EFBC}") = "Tyuiu.MelehovAG.Sprint2.Task7.V0.Lib", "Tyuiu.MelehovAG.Sprint2.Task7.V0.Lib\Tyuiu.MelehovAG.Sprint2.Task7.V0.Lib.csproj", "{D0789B48-139D-4A31-8436-4D2A3090F243}"
EndProject
Project("{FAE04EC0-301F-11D3-BF4B-00C04F79EFBC}") = "Tyuiu.MelehovAG.Sprint2.Task7.V0.Test", "Tyuiu.MelehovAG.Sprint2.Task7.V0.Test\Tyuiu.MelehovAG.Sprint2.Task7.V0.Test.csproj", "{85B1E5F1-13EB-466A-B496-B4B603EDBBF0}"
EndProject
Global
	GlobalSection(SolutionConfigurationPlatforms) = preSolution
		Debug|Any CPU = Debug|Any CPU
		Release|Any CPU = Release|Any CPU
	EndGlobalSection
	GlobalSection(ProjectConfigurationPlatforms) = postSolution
		{DDBA6077-2E26-4925-A4D4-0D1A9FE90A57}.Debug|Any CPU.ActiveCfg = Debug|Any CPU
		{DDBA6077-2E26-4925-A4D4-0D1A9FE90A57}.Debug|Any CPU.Build.0 = Debug|Any CPU
		{DDBA6077-2E26-4925-A4D4-0D1A9FE90A57}.Release|Any CPU.ActiveCfg = Release|Any CPU
		{DDBA6077-2E26-4925-A4D4-0D1A9FE90A57}.Release|Any CPU.Build.0 = Release|Any CPU
		{F63FA929-847C-4421-88E9-2C0584469292}.Debug|Any CPU.ActiveCfg = Debug|Any CPU
		{F63FA929-847C-4421-88E9-2C0584469292}.Debug|Any CPU.Build.0 = Debug|Any CPU
		{F63FA929-847C-4421-88E9-2C0584469292}.Release|Any CPU.ActiveCfg = Release|Any CPU
		{F63FA929-847C-4421-88E9-2C0584469292}.Release|Any CPU.Build.0 = Release|Any CPU
		{6A4AC7CB-397B-4099-AD36-31973D5010DD}.Debug|Any CPU.ActiveCfg = Debug|Any CPU
		{6A4AC7CB-397B-4099-AD36-31973D5010DD}.Debug|Any CPU.Build.0 = Debug|Any CPU
		{6A4AC7CB-397B-4099-AD36-31973D5010DD}.Release|Any CPU.ActiveCfg = Release|Any CPU
		{6A4AC7CB-397B-4099-AD36-31973D5010DD}.Release|Any CPU.Build.0 = Release|Any CPU
		{61E89109-F1BC-4D68-9B30-3AF323FEA74D}.Debug|Any CPU.ActiveCfg = Debug|Any CPU
		{61E89109-F1BC-4D68-9B30-3AF323FEA74D}.Debug|Any CPU.Build.0 = Debug|Any CPU
		{61E89109-F1BC-4D68-9B30-3AF323FEA74D}.Release|Any CPU.ActiveCfg = Release|Any CPU
		{61E89109-F1BC-4D68-9B30-3AF323FEA74D}.Release|Any CPU.Build.0 = Release|Any CPU
		{87AD2024-3A73-4A08-9C20-DC6EB28F9058}.Debug|Any CPU.ActiveCfg = Debug|Any CPU
		{87AD2024-3A73-4A08-9C20-DC6EB28F9058}.Debug|Any CPU.Build.0 = Debug|Any CPU
		{87AD2024-3A73-4A08-9C20-DC6EB28F9058}.Release|Any CPU.ActiveCfg = Release|Any CPU
		{87AD2024-3A73-4A08-9C20-DC6EB28F9058}.Release|Any CPU.Build.0 = Release|Any CPU
		{81F323D2-A560-4A55-9F6F-ED538E0A820E}.Debug|Any CPU.ActiveCfg = Debug|Any CPU
		{81F323D2-A560-4A55-9F6F-ED538E0A820E}.Debug|Any CPU.Build.0 = Debug|Any CPU
		{81F323D2-A560-4A55-9F6F-ED538E0A820E}.Release|Any CPU.ActiveCfg = Release|Any CPU
		{81F323D2-A560-4A55-9F6F-ED538E0A820E}.Release|Any CPU.Build.0 = Release|Any CPU
		{6F3B6646-8EF7-4CEE-825E-76A0E1146D4D}.Debug|Any CPU.ActiveCfg = Debug|Any CPU
		{6F3B6646-8EF7-4CEE-825E-76A0E1146D4D}.Debug|Any CPU.Build.0 = Debug|Any CPU
		{6F3B6646-8EF7-4CEE-825E-76A0E1146D4D}.Release|Any CPU.ActiveCfg = Release|Any CPU
		{6F3B6646-8EF7-4CEE-825E-76A0E1146D4D}.Release|Any CPU.Build.0 = Release|Any CPU
		{0BA2FCE6-1837-4BF9-944F-1952E57D3D91}.Debug|Any CPU.ActiveCfg = Debug|Any CPU
		{0BA2FCE6-1837-4BF9-944F-1952E57D3D91}.Debug|Any CPU.Build.0 = Debug|Any CPU
		{0BA2FCE6-1837-4BF9-944F-1952E57D3D91}.Release|Any CPU.ActiveCfg = Release|Any CPU
		{0BA2FCE6-1837-4BF9-944F-1952E57D3D91}.Release|Any CPU.Build.0 = Release|Any CPU
		{2906D752-C3D2-4720-89A6-EA62124B50B3}.Debug|Any CPU.ActiveCfg = Debug|Any CPU
		{2906D752-C3D2-4720-89A6-EA62124B50B3}.Debug|Any CPU.Build.0 = Debug|Any CPU
		{2906D752-C3D2-4720-89A6-EA62124B50B3}.Release|Any CPU.ActiveCfg = Release|Any CPU
		{2906D752-C3D2-4720-89A6-EA62124B50B3}.Release|Any CPU.Build.0 = Release|Any CPU
		{74C5214B-0347-4E91-A20F-2B25BA6C6F6F}.Debug|Any CPU.ActiveCfg = Debug|Any CPU
		{74C5214B-0347-4E91-A20F-2B25BA6C6F6F}.Debug|Any CPU.Build.0 = Debug|Any CPU
		{74C5214B-0347-4E91-A20F-2B25BA6C6F6F}.Release|Any CPU.ActiveCfg = Release|Any CPU
		{74C5214B-0347-4E91-A20F-2B25BA6C6F6F}.Release|Any CPU.Build.0 = Release|Any CPU
		{5E74B945-5F9E-49FB-9619-EB02D1F1609E}.Debug|Any CPU.ActiveCfg = Debug|Any CPU
		{5E74B945-5F9E-49FB-9619-EB02D1F1609E}.Debug|Any CPU.Build.0 = Debug|Any CPU
		{5E74B945-5F9E-49FB-9619-EB02D1F1609E}.Release|Any CPU.ActiveCfg = Release|Any CPU
		{5E74B945-5F9E-49FB-9619-EB02D1F1609E}.Release|Any CPU.Build.0 = Release|Any CPU
		{9461263B-6B23-4F5A-BFF4-EB19AD00DF46}.Debug|Any CPU.ActiveCfg = Debug|Any CPU
		{9461263B-6B23-4F5A-BFF4-EB19AD00DF46}.Debug|Any CPU.Build.0 = Debug|Any CPU
		{9461263B-6B23-4F5A-BFF4-EB19AD00DF46}.Release|Any CPU.ActiveCfg = Release|Any CPU
		{9461263B-6B23-4F5A-BFF4-EB19AD00DF46}.Release|Any CPU.Build.0 = Release|Any CPU
		{5BBA01F6-3E07-408D-A566-646DD510F981}.Debug|Any CPU.ActiveCfg = Debug|Any CPU
		{5BBA01F6-3E07-408D-A566-646DD510F981}.Debug|Any CPU.Build.0 = Debug|Any CPU
		{5BBA01F6-3E07-408D-A566-646DD510F981}.Release|Any CPU.ActiveCfg = Release|Any CPU
		{5BBA01F6-3E07-408D-A566-646DD510F981}.Release|Any CPU.Build.0 = Release|Any CPU
		{ED0E9540-B5BF-4CBA-B1A7-8818FD63A478}.Debug|Any CPU.ActiveCfg = Debug|Any CPU
		{ED0E9540-B5BF-4CBA-B1A7-8818FD63A478}.Debug|Any CPU.Build.0 = Debug|Any CPU
		{ED0E9540-B5BF-4CBA-B1A7-8818FD63A478}.Release|Any CPU.ActiveCfg = Release|Any CPU
		{ED0E9540-B5BF-4CBA-B1A7-8818FD63A478}.Release|Any CPU.Build.0 = Release|Any CPU
		{E44E14DD-C0DB-445A-A5AC-2DD9A139D6BE}.Debug|Any CPU.ActiveCfg = Debug|Any CPU
		{E44E14DD-C0DB-445A-A5AC-2DD9A139D6BE}.Debug|Any CPU.Build.0 = Debug|Any CPU
		{E44E14DD-C0DB-445A-A5AC-2DD9A139D6BE}.Release|Any CPU.ActiveCfg = Release|Any CPU
		{E44E14DD-C0DB-445A-A5AC-2DD9A139D6BE}.Release|Any CPU.Build.0 = Release|Any CPU
		{1BD419CC-244B-40FB-AFC2-6C48DBADB159}.Debug|Any CPU.ActiveCfg = Debug|Any CPU
		{1BD419CC-244B-40FB-AFC2-6C48DBADB159}.Debug|Any CPU.Build.0 = Debug|Any CPU
		{1BD419CC-244B-40FB-AFC2-6C48DBADB159}.Release|Any CPU.ActiveCfg = Release|Any CPU
		{1BD419CC-244B-40FB-AFC2-6C48DBADB159}.Release|Any CPU.Build.0 = Release|Any CPU
		{02FBB573-9F28-442B-9765-E932F75A3716}.Debug|Any CPU.ActiveCfg = Debug|Any CPU
		{02FBB573-9F28-442B-9765-E932F75A3716}.Debug|Any CPU.Build.0 = Debug|Any CPU
		{02FBB573-9F28-442B-9765-E932F75A3716}.Release|Any CPU.ActiveCfg = Release|Any CPU
		{02FBB573-9F28-442B-9765-E932F75A3716}.Release|Any CPU.Build.0 = Release|Any CPU
		{82D5AF88-13F0-4FF5-87BA-17687921432A}.Debug|Any CPU.ActiveCfg = Debug|Any CPU
		{82D5AF88-13F0-4FF5-87BA-17687921432A}.Debug|Any CPU.Build.0 = Debug|Any CPU
		{82D5AF88-13F0-4FF5-87BA-17687921432A}.Release|Any CPU.ActiveCfg = Release|Any CPU
		{82D5AF88-13F0-4FF5-87BA-17687921432A}.Release|Any CPU.Build.0 = Release|Any CPU
		{5732489E-2777-489C-B48F-E3D390C8C8AF}.Debug|Any CPU.ActiveCfg = Debug|Any CPU
		{5732489E-2777-489C-B48F-E3D390C8C8AF}.Debug|Any CPU.Build.0 = Debug|Any CPU
		{5732489E-2777-489C-B48F-E3D390C8C8AF}.Release|Any CPU.ActiveCfg = Release|Any CPU
		{5732489E-2777-489C-B48F-E3D390C8C8AF}.Release|Any CPU.Build.0 = Release|Any CPU
		{2F801540-63A1-4EE0-A2AE-EFC73CFC6CD5}.Debug|Any CPU.ActiveCfg = Debug|Any CPU
		{2F801540-63A1-4EE0-A2AE-EFC73CFC6CD5}.Debug|Any CPU.Build.0 = Debug|Any CPU
		{2F801540-63A1-4EE0-A2AE-EFC73CFC6CD5}.Release|Any CPU.ActiveCfg = Release|Any CPU
		{2F801540-63A1-4EE0-A2AE-EFC73CFC6CD5}.Release|Any CPU.Build.0 = Release|Any CPU
		{DD8DC772-F7A6-453E-852B-A50B33892CA7}.Debug|Any CPU.ActiveCfg = Debug|Any CPU
		{DD8DC772-F7A6-453E-852B-A50B33892CA7}.Debug|Any CPU.Build.0 = Debug|Any CPU
		{DD8DC772-F7A6-453E-852B-A50B33892CA7}.Release|Any CPU.ActiveCfg = Release|Any CPU
		{DD8DC772-F7A6-453E-852B-A50B33892CA7}.Release|Any CPU.Build.0 = Release|Any CPU
		{7A9CF4F5-8C82-4078-880B-C558248C7B05}.Debug|Any CPU.ActiveCfg = Debug|Any CPU
		{7A9CF4F5-8C82-4078-880B-C558248C7B05}.Debug|Any CPU.Build.0 = Debug|Any CPU
		{7A9CF4F5-8C82-4078-880B-C558248C7B05}.Release|Any CPU.ActiveCfg = Release|Any CPU
		{7A9CF4F5-8C82-4078-880B-C558248C7B05}.Release|Any CPU.Build.0 = Release|Any CPU
		{D0789B48-139D-4A31-8436-4D2A3090F243}.Debug|Any CPU.ActiveCfg = Debug|Any CPU
		{D0789B48-139D-4A31-8436-4D2A3090F243}.Debug|Any CPU.Build.0 = Debug|Any CPU
		{D0789B48-139D-4A31-8436-4D2A3090F243}.Release|Any CPU.ActiveCfg = Release|Any CPU
		{D0789B48-139D-4A31-8436-4D2A3090F243}.Release|Any CPU.Build.0 = Release|Any CPU
		{85B1E5F1-13EB-466A-B496-B4B603EDBBF0}.Debug|Any CPU.ActiveCfg = Debug|Any CPU
		{85B1E5F1-13EB-466A-B496-B4B603EDBBF0}.Debug|Any CPU.Build.0 = Debug|Any CPU
		{85B1E5F1-13EB-466A-B496-B4B603EDBBF0}.Release|Any CPU.ActiveCfg = Release|Any CPU
		{85B1E5F1-13EB-466A-B496-B4B603EDBBF0}.Release|Any CPU.Build.0 = Release|Any CPU
	EndGlobalSection
	GlobalSection(SolutionProperties) = preSolution
		HideSolutionNode = FALSE
	EndGlobalSection
	GlobalSection(NestedProjects) = preSolution
		{DDBA6077-2E26-4925-A4D4-0D1A9FE90A57} = {23D3AB23-F922-4FDA-93ED-2920979EB8C4}
		{F63FA929-847C-4421-88E9-2C0584469292} = {23D3AB23-F922-4FDA-93ED-2920979EB8C4}
		{6A4AC7CB-397B-4099-AD36-31973D5010DD} = {23D3AB23-F922-4FDA-93ED-2920979EB8C4}
		{61E89109-F1BC-4D68-9B30-3AF323FEA74D} = {8A0BC229-853E-4490-B513-70BCEA14431A}
		{87AD2024-3A73-4A08-9C20-DC6EB28F9058} = {8A0BC229-853E-4490-B513-70BCEA14431A}
		{81F323D2-A560-4A55-9F6F-ED538E0A820E} = {8A0BC229-853E-4490-B513-70BCEA14431A}
		{6F3B6646-8EF7-4CEE-825E-76A0E1146D4D} = {D856C8DF-EBB5-48C6-9856-C2D936197C99}
		{0BA2FCE6-1837-4BF9-944F-1952E57D3D91} = {D856C8DF-EBB5-48C6-9856-C2D936197C99}
		{2906D752-C3D2-4720-89A6-EA62124B50B3} = {D856C8DF-EBB5-48C6-9856-C2D936197C99}
		{74C5214B-0347-4E91-A20F-2B25BA6C6F6F} = {E621ECA3-A225-410A-B5FC-C6928B519C5A}
		{5E74B945-5F9E-49FB-9619-EB02D1F1609E} = {E621ECA3-A225-410A-B5FC-C6928B519C5A}
		{9461263B-6B23-4F5A-BFF4-EB19AD00DF46} = {E621ECA3-A225-410A-B5FC-C6928B519C5A}
		{5BBA01F6-3E07-408D-A566-646DD510F981} = {35751F20-2619-4C68-9265-24A492B81A00}
		{ED0E9540-B5BF-4CBA-B1A7-8818FD63A478} = {35751F20-2619-4C68-9265-24A492B81A00}
		{E44E14DD-C0DB-445A-A5AC-2DD9A139D6BE} = {35751F20-2619-4C68-9265-24A492B81A00}
		{1BD419CC-244B-40FB-AFC2-6C48DBADB159} = {D0BDC540-A8FE-4862-BC28-021EAA7332C7}
		{02FBB573-9F28-442B-9765-E932F75A3716} = {D0BDC540-A8FE-4862-BC28-021EAA7332C7}
		{82D5AF88-13F0-4FF5-87BA-17687921432A} = {D0BDC540-A8FE-4862-BC28-021EAA7332C7}
		{5732489E-2777-489C-B48F-E3D390C8C8AF} = {72A1918E-F017-4BD6-BA27-F1C98D128813}
		{2F801540-63A1-4EE0-A2AE-EFC73CFC6CD5} = {72A1918E-F017-4BD6-BA27-F1C98D128813}
		{DD8DC772-F7A6-453E-852B-A50B33892CA7} = {72A1918E-F017-4BD6-BA27-F1C98D128813}
		{7A9CF4F5-8C82-4078-880B-C558248C7B05} = {B8535037-0720-4CFE-804A-039B8CA7A5AD}
		{D0789B48-139D-4A31-8436-4D2A3090F243} = {B8535037-0720-4CFE-804A-039B8CA7A5AD}
		{85B1E5F1-13EB-466A-B496-B4B603EDBBF0} = {B8535037-0720-4CFE-804A-039B8CA7A5AD}
	EndGlobalSection
	GlobalSection(ExtensibilityGlobals) = postSolution
		SolutionGuid = {6AF2A66A-D7F0-4835-9C36-09A8D4840A73}
	EndGlobalSection
EndGlobal
